github.com/Chronokeeper/anyxml v0.0.0-20160530174208-54457d8e98c6 h1:Etfj2lhXyrYemgmWzEtEQQb1kezeEXc8jVjkQUyJnWI=
github.com/Chronokeeper/anyxml v0.0.0-20160530174208-54457d8e98c6/go.mod h1:YzuYAe2hrrwKXkM9kqjbkTLlkbA+/xw2MA46f1+ENxc=
github.com/CloudyKit/fastprinter v0.0.0-20170127035650-74b38d55f37a h1:3SgJcK9l5uPdBC/X17wanyJAMxM33+4ZhEIV96MIH8U=
github.com/CloudyKit/fastprinter v0.0.0-20170127035650-74b38d55f37a/go.mod h1:EFZQ978U7x8IRnstaskI3IysnWY5Ao3QgZUKOXlsAdw=
github.com/CloudyKit/jet v2.1.2+incompatible h1:ybZoYzMBdoijK6I+Ke3vg9GZsmlKo/ZhKdNMWz0P26c=
github.com/CloudyKit/jet v2.1.2+incompatible/go.mod h1:HPYO+50pSWkPoj9Q/eq0aRGByCL6ScRlUmiEX5Zgm+w=
github.com/agrison/go-tablib v0.0.0-20160310143025-4930582c22ee h1:0RklYSvekYaIFI9JUx7TFPQvo++TdILmZiV17QI4nXk=
github.com/agrison/go-tablib v0.0.0-20160310143025-4930582c22ee/go.mod h1:M9nmO4lBRWR/bBv7UCOmDJ1MB2DVoqz19B4JchDA+K0=
github.com/agrison/mxj v0.0.0-20160310142625-1269f8afb3b4 h1:XBNSe5eibe5Fh131ah+xnO6s4A97U1T3tKZKLQQvqu0=
github.com/agrison/mxj v0.0.0-20160310142625-1269f8afb3b4/go.mod h1:n7qJAqL9BKqGqiJyjPbWtxpdswTL5wX0IVP2Uw4vVhQ=
github.com/astaxie/beego v1.10.0 h1:s0OZ1iUO0rl8+lwWZfPK/0GhQi1tFUcIClTevyz48Pg=
github.com/astaxie/beego v1.10.0/go.mod h1:0R4++1tUqERR0WYFWdfkcrsyoVBCG4DgpDGokT3yb+U=
github.com/bndr/gotabulate v1.1.2 h1:yC9izuZEphojb9r+KYL4W9IJKO/ceIO8HDwxMA24U4c=
github.com/bndr/gotabulate v1.1.2/go.mod h1:0+8yUgaPTtLRTjf49E8oju7ojpU11YmXyvq1LbPAb3U=
github.com/clbanning/mxj v1.8.4 h1:HuhwZtbyvyOw+3Z1AowPkU87JkJUSv751ELWaiTpj8I=
github.com/clbanning/mxj v1.8.4/go.mod h1:BVjHeAH+rl9rs6f+QIpeRl0tfu10SXn1pUSa5PVGJng=
github.com/cockroachdb/apd v1.1.0 h1:3LFP3629v+1aKXU5Q37mxmRxX/pIu1nijXydLShEq5I=
github.com/cockroachdb/apd v1.1.0/go.mod h1:8Sl8LxpKi29FqWXR16WEFZRNSz3SoPzUzeMeY4+DwBQ=
github.com/davecgh/go-spew v1.1.0 h1:ZDRjVQ15GmhC3fiQ8ni8+OwkZQO4DARzQgrnXU1Liz8=
github.com/davecgh/go-spew v1.1.0/go.mod h1:J7Y8YcW2NihsgmVo/mv3lAwl/skON4iLHjSsI+c5H38=
github.com/denisenkom/go-mssqldb v0.0.0-20191128021309-1d7a30a10f73 h1:OGNva6WhsKst5OZf7eZOklDztV3hwtTHovdrLHV+MsA=
github.com/denisenkom/go-mssqldb v0.0.0-20191128021309-1d7a30a10f73/go.mod h1:xbL0rPBG9cCiLr28tMa8zpbdarY27NDyej4t/EjAShU=
github.com/fatih/structs v1.1.0 h1:Q7juDM0QtcnhCpeyLGQKyg4TOIghuNXrkL32pHAUMxo=
github.com/fatih/structs v1.1.0/go.mod h1:9NiDSp5zOcgEDl+j00MP/WkGVPOlPRLejGD8Ga6PJ7M=
github.com/fsnotify/fsnotify v1.4.7 h1:IXs+QLmnXW2CcXuY+8Mzv/fWEsPGWxqefPtCP5CnV9I=
github.com/fsnotify/fsnotify v1.4.7/go.mod h1:jwhsz4b93w/PPRr/qN1Yymfu8t87LnFCMoQvtojpjFo=
github.com/go-sql-driver/mysql v1.4.1 h1:g24URVg0OFbNUTx9qqY1IRZ9D9z3iPyi5zKhQZpNwpA=
github.com/go-sql-driver/mysql v1.4.1/go.mod h1:zAC/RDZ24gD3HViQzih4MyKcchzm+sOG5ZlKdlhCg5w=
github.com/go-xorm/sqlfiddle v0.0.0-20180821085327-62ce714f951a h1:9wScpmSP5A3Bk8V3XHWUcJmYTh+ZnlHVyc+A4oZYS3Y=
github.com/go-xorm/sqlfiddle v0.0.0-20180821085327-62ce714f951a/go.mod h1:56xuuqnHyryaerycW3BfssRdxQstACi0Epw/yC5E2xM=
github.com/gofrs/uuid v3.2.0+incompatible h1:y12jRkkFxsd7GpqdSZ+/KCs/fJbqpEXSGd4+jfEaewE=
github.com/gofrs/uuid v3.2.0+incompatible/go.mod h1:b2aQJv3Z4Fp6yNu3cdSllBxTCLRxnplIgP/c0N/04lM=
github.com/golang-sql/civil v0.0.0-20190719163853-cb61b32ac6fe h1:lXe2qZdvpiX5WZkZR4hgp4KJVfY3nMkvmwbVkpv1rVY=
github.com/golang-sql/civil v0.0.0-20190719163853-cb61b32ac6fe/go.mod h1:8vg3r2VgvsThLBIFL93Qb5yWzgyZWhEmBwUJWevAkK0=
github.com/golang/protobuf v1.2.0/go.mod h1:6lQm79b+lXiMfvg/cZm0SGofjICqVBUtrP5yJMmIC1U=
github.com/jackc/fake v0.0.0-20150926172116-812a484cc733 h1:vr3AYkKovP8uR8AvSGGUK1IDqRa5lAAvEkZG1LKaCRc=
github.com/jackc/fake v0.0.0-20150926172116-812a484cc733/go.mod h1:WrMFNQdiFJ80sQsxDoMokWK1W5TQtxBFNpzWTD84ibQ=
github.com/jackc/pgx v3.6.0+incompatible h1:bJeo4JdVbDAW8KB2m8XkFeo8CPipREoG37BwEoKGz+Q=
github.com/jackc/pgx v3.6.0+incompatible/go.mod h1:0ZGrqGqkRlliWnWB4zKnWtjbSWbGkVEFm4TeybAXq+I=
github.com/kr/pretty v0.1.0 h1:L/CwN0zerZDmRFUapSPitk6f+Q3+0za1rQkzVuMiMFI=
github.com/kr/pretty v0.1.0/go.mod h1:dAy3ld7l9f0ibDNOQOHHMYYIIbhfbHSm3C4ZsoJORNo=
github.com/kr/pty v1.1.1/go.mod h1:pFQYn66WHrOpPYNljwOMqo10TkYh1fy3cYio2l3bCsQ=
github.com/kr/text v0.1.0 h1:45sCR5RtlFHMR4UwH9sdQ5TC8v0qDQCHnXt+kaKSTVE=
github.com/kr/text v0.1.0/go.mod h1:4Jbv+DJW3UT/LiOwJeYQe1efqtUx/iVham/4vfdArNI=
github.com/lib/pq v1.2.0 h1:LXpIM/LZ5xGFhOpXAQUIMM1HdyqzVYM13zNdjCEEcA0=
github.com/lib/pq v1.2.0/go.mod h1:5WUZQaWbwv1U+lTReE5YruASi9Al49XbQIvNi/34Woo=
github.com/mattn/go-sqlite3 v1.10.0 h1:jbhqpg7tQe4SupckyijYiy0mJJ/pRyHvXf7JdWK860o=
github.com/mattn/go-sqlite3 v1.10.0/go.mod h1:FPy6KqzDD04eiIsT53CuJW3U88zkxoIYsOqkbpncsNc=
github.com/pkg/errors v0.8.1 h1:iURUrRGxPUNPdy5/HRSm+Yj6okJ6UtLINN0Q9M4+h3I=
github.com/pkg/errors v0.8.1/go.mod h1:bwawxfHBFNV+L2hUp1rHADufV3IMtnDRdf1r5NINEl0=
github.com/pmezard/go-difflib v1.0.0 h1:4DBwDE0NGyQoBHbLQYPwSUPoCMWR5BEzIk/f1lZbAQM=
github.com/pmezard/go-difflib v1.0.0/go.mod h1:iKH77koFhYxTK1pcRnkKkqfTogsbg7gZNVY4sRDYZ/4=
github.com/shopspring/decimal v0.0.0-20191130220710-360f2bc03045 h1:8CnFGhoe92Izugjok8nZEGYCNovJwdRFYwrEiLtG6ZQ=
github.com/shopspring/decimal v0.0.0-20191130220710-360f2bc03045/go.mod h1:DKyhrW/HYNuLGql+MJL6WCR6knT2jwCFRcu2hWCYk4o=
github.com/stretchr/objx v0.1.0/go.mod h1:HFkY916IF+rwdDfMAkV7OtwuqBVzrE8GR6GFx+wExME=
github.com/stretchr/testify v1.3.0/go.mod h1:M5WIy9Dh21IEIfnGCwXGc5bZfKNJtfHm1UVUgZn+9EI=
github.com/stretchr/testify v1.4.0 h1:2E4SXV/wtOkTonXsotYi4li6zVWxYlZuYNCXe9XRJyk=
github.com/stretchr/testify v1.4.0/go.mod h1:j7eGeouHqKxXV5pUuKE4zz7dFj8WfuZ+81PSLYec5m4=
github.com/tealeg/xlsx v1.0.5 h1:+f8oFmvY8Gw1iUXzPk+kz+4GpbDZPK1FhPiQRd+ypgE=
github.com/tealeg/xlsx v1.0.5/go.mod h1:btRS8dz54TDnvKNosuAqxrM1QgN1udgk9O34bDCnORM=
github.com/xormplus/builder v0.0.0-20190724032102-0ee351fedce9 h1:h7b9aRnem5U6YuCWZlAnRWyowAR8hIIyyqUkbuAn0ms=
github.com/xormplus/builder v0.0.0-20190724032102-0ee351fedce9/go.mod h1:DR+4rxdyeR2G5yyiNx6j3/0TLjG5g+CICZfXmL2AHBg=
github.com/xormplus/core v0.0.0-20190724072625-00f5a85ad6e0 h1:vqleyrxQwTNEr+jlW3VuOYlTRtoyDp/h6C6b0R9Ewro=
github.com/xormplus/core v0.0.0-20190724072625-00f5a85ad6e0/go.mod h1:V3p6iAR/MaICgU6GJqxGQxspfljTyfOTv4Czz0B5atU=
github.com/xormplus/xorm v0.0.0-20190926190243-42377f593eb1 h1:aAOoM0H2aCXMrbD29iHSQL8zjQDDCFLisrgVBI5zZVY=
github.com/xormplus/xorm v0.0.0-20190926190243-42377f593eb1/go.mod h1:+v6b10b4x5IcQmp1/Cbo9IqaknxVeuhQng+fhya6bdI=
github.com/ziutek/mymysql v1.5.4 h1:GB0qdRGsTwQSBVYuVShFBKaXSnSnYYC2d9knnE1LHFs=
github.com/ziutek/mymysql v1.5.4/go.mod h1:LMSpPZ6DbqWFxNCHW77HeMg9I646SAhApZ/wKdgO/C0=
golang.org/x/crypto v0.0.0-20190325154230-a5d413f7728c h1:Vj5n4GlwjmQteupaxJ9+0FNOmBrHfq7vN4btdGoDZgI=
golang.org/x/crypto v0.0.0-20190325154230-a5d413f7728c/go.mod h1:djNgcEr1/C05ACkg1iLfiJU5Ep61QUkGW8qpdssI0+w=
golang.org/x/net v0.0.0-20180724234803-3673e40ba225/go.mod h1:mL1N/T3taQHkDXs73rZJwtUhF3w3ftmwwsq0BUmARs4=
golang.org/x/sys v0.0.0-20190215142949-d0b11bdaac8a h1:1BGLXjeY4akVXGgbC9HugT3Jv3hCI0z56oJR5vAMgBU=
golang.org/x/sys v0.0.0-20190215142949-d0b11bdaac8a/go.mod h1:STP8DvDyc/dI5b8T5hshtkjS+E42TnysNCUPdjciGhY=
golang.org/x/text v0.3.0 h1:g61tztE5qeGQ89tm6NTjjM9VPIm088od1l6aSorWRWg=
golang.org/x/text v0.3.0/go.mod h1:NqM8EUOU14njkJ3fqMW+pc6Ldnwhi/IjpwHt7yyuwOQ=
google.golang.org/appengine v1.4.0 h1:/wp5JvzpHIxhs/dumFmF7BXTf3Z+dd4uXta4kVyO508=
google.golang.org/appengine v1.4.0/go.mod h1:xpcJRLb0r/rnEns0DIKYYv+WjYCduHsrkT7/EB5XEv4=
gopkg.in/check.v1 v0.0.0-20161208181325-20d25e280405/go.mod h1:Co6ibVJAznAaIkqp8huTwlJQCZ016jof/cbN4VW5Yz0=
gopkg.in/check.v1 v1.0.0-20190902080502-41f04d3bba15/go.mod h1:Co6ibVJAznAaIkqp8huTwlJQCZ016jof/cbN4VW5Yz0=
gopkg.in/flosch/pongo2.v3 v3.0.0-20141028000813-5e81b817a0c4 h1:eyQQg/uGuZ3ndaBhqteakHpVW+dSOPalilfC9RpM2TA=
gopkg.in/flosch/pongo2.v3 v3.0.0-20141028000813-5e81b817a0c4/go.mod h1:bJkYqV5pg6+Z7MsSu/hSb1zsPT955hBW2QHLE1jm4wA=
gopkg.in/yaml.v2 v2.2.2/go.mod h1:hI93XBmqTisBFMUTm0b8Fm+jr3Dg1NNxqwp+5A1VGuI=
xorm.io/core v0.6.3/go.mod h1:8kz/C6arVW/O9vk3PgCiMJO2hIAm1UcuOL3dSPyZ2qo=
